
Microsoft Visual Studio Solution File, Format Version 12.00
# Visual Studio Version 17
VisualStudioVersion = 17.13.35913.81 d17.13
MinimumVisualStudioVersion = 10.0.40219.1
Project("{FAE04EC0-301F-11D3-BF4B-00C04F79EFBC}") = "APR_TEST", "APR_TEST.csproj", "{E1B5C6CC-9E46-4991-8279-C89FDA4DB091}"
EndProject
Global
	GlobalSection(SolutionConfigurationPlatforms) = preSolution
		Debug|Any CPU = Debug|Any CPU
		Release|Any CPU = Release|Any CPU
	EndGlobalSection
	GlobalSection(ProjectConfigurationPlatforms) = postSolution
		{E1B5C6CC-9E46-4991-8279-C89FDA4DB091}.Debug|Any CPU.ActiveCfg = Debug|Any CPU
		{E1B5C6CC-9E46-4991-8279-C89FDA4DB091}.Debug|Any CPU.Build.0 = Debug|Any CPU
		{E1B5C6CC-9E46-4991-8279-C89FDA4DB091}.Release|Any CPU.ActiveCfg = Release|Any CPU
		{E1B5C6CC-9E46-4991-8279-C89FDA4DB091}.Release|Any CPU.Build.0 = Release|Any CPU
	EndGlobalSection
	GlobalSection(SolutionProperties) = preSolution
		HideSolutionNode = FALSE
	EndGlobalSection
	GlobalSection(ExtensibilityGlobals) = postSolution
		SolutionGuid = {98D350A6-FFAC-483F-9047-5CAF5F255A46}
	EndGlobalSection
EndGlobal
